// !$*UTF8*$!
{
	archiveVersion = 1;
	classes = {
	};
	objectVersion = 55;
	objects = {

/* Begin PBXBuildFile section */
		DFA2C72A27CFF291006A2EE9 /* AppDelegate.swift in Sources */ = {isa = PBXBuildFile; fileRef = DFA2C72927CFF291006A2EE9 /* AppDelegate.swift */; };
		DFA2C72C27CFF291006A2EE9 /* SceneDelegate.swift in Sources */ = {isa = PBXBuildFile; fileRef = DFA2C72B27CFF291006A2EE9 /* SceneDelegate.swift */; };
		DFA2C73327CFF293006A2EE9 /* Assets.xcassets in Resources */ = {isa = PBXBuildFile; fileRef = DFA2C73227CFF293006A2EE9 /* Assets.xcassets */; };
		DFA2C73627CFF293006A2EE9 /* LaunchScreen.storyboard in Resources */ = {isa = PBXBuildFile; fileRef = DFA2C73427CFF293006A2EE9 /* LaunchScreen.storyboard */; };
		DFA2C74727CFF37F006A2EE9 /* LoginViewController.swift in Sources */ = {isa = PBXBuildFile; fileRef = DFA2C74627CFF37F006A2EE9 /* LoginViewController.swift */; };
		DFA2C74927CFF3D3006A2EE9 /* CustomTextField.swift in Sources */ = {isa = PBXBuildFile; fileRef = DFA2C74827CFF3D3006A2EE9 /* CustomTextField.swift */; };
		DFA2C74C27CFF5A9006A2EE9 /* BaseView.swift in Sources */ = {isa = PBXBuildFile; fileRef = DFA2C74B27CFF5A9006A2EE9 /* BaseView.swift */; };
		DFA2C74E27D0CA82006A2EE9 /* NSLayoutExtension.swift in Sources */ = {isa = PBXBuildFile; fileRef = DFA2C74D27D0CA82006A2EE9 /* NSLayoutExtension.swift */; };
/* End PBXBuildFile section */

/* Begin PBXFileReference section */
		DFA2C72627CFF291006A2EE9 /* Radity.app */ = {isa = PBXFileReference; explicitFileType = wrapper.application; includeInIndex = 0; path = Radity.app; sourceTree = BUILT_PRODUCTS_DIR; };
		DFA2C72927CFF291006A2EE9 /* AppDelegate.swift */ = {isa = PBXFileReference; lastKnownFileType = sourcecode.swift; path = AppDelegate.swift; sourceTree = "<group>"; };
		DFA2C72B27CFF291006A2EE9 /* SceneDelegate.swift */ = {isa = PBXFileReference; lastKnownFileType = sourcecode.swift; path = SceneDelegate.swift; sourceTree = "<group>"; };
		DFA2C73227CFF293006A2EE9 /* Assets.xcassets */ = {isa = PBXFileReference; lastKnownFileType = folder.assetcatalog; path = Assets.xcassets; sourceTree = "<group>"; };
		DFA2C73527CFF293006A2EE9 /* Base */ = {isa = PBXFileReference; lastKnownFileType = file.storyboard; name = Base; path = Base.lproj/LaunchScreen.storyboard; sourceTree = "<group>"; };
		DFA2C73727CFF293006A2EE9 /* Info.plist */ = {isa = PBXFileReference; lastKnownFileType = text.plist.xml; path = Info.plist; sourceTree = "<group>"; };
		DFA2C74627CFF37F006A2EE9 /* LoginViewController.swift */ = {isa = PBXFileReference; lastKnownFileType = sourcecode.swift; path = LoginViewController.swift; sourceTree = "<group>"; };
		DFA2C74827CFF3D3006A2EE9 /* CustomTextField.swift */ = {isa = PBXFileReference; lastKnownFileType = sourcecode.swift; path = CustomTextField.swift; sourceTree = "<group>"; };
		DFA2C74B27CFF5A9006A2EE9 /* BaseView.swift */ = {isa = PBXFileReference; lastKnownFileType = sourcecode.swift; path = BaseView.swift; sourceTree = "<group>"; };
		DFA2C74D27D0CA82006A2EE9 /* NSLayoutExtension.swift */ = {isa = PBXFileReference; lastKnownFileType = sourcecode.swift; path = NSLayoutExtension.swift; sourceTree = "<group>"; };
/* End PBXFileReference section */

/* Begin PBXFrameworksBuildPhase section */
		DFA2C72327CFF291006A2EE9 /* Frameworks */ = {
			isa = PBXFrameworksBuildPhase;
			buildActionMask = 2147483647;
			files = (
			);
			runOnlyForDeploymentPostprocessing = 0;
		};
/* End PBXFrameworksBuildPhase section */

/* Begin PBXGroup section */
		DFA2C71D27CFF291006A2EE9 = {
			isa = PBXGroup;
			children = (
				DFA2C72827CFF291006A2EE9 /* Radity */,
				DFA2C72727CFF291006A2EE9 /* Products */,
			);
			sourceTree = "<group>";
		};
		DFA2C72727CFF291006A2EE9 /* Products */ = {
			isa = PBXGroup;
			children = (
				DFA2C72627CFF291006A2EE9 /* Radity.app */,
			);
			name = Products;
			sourceTree = "<group>";
		};
		DFA2C72827CFF291006A2EE9 /* Radity */ = {
			isa = PBXGroup;
			children = (
				DFA2C74A27CFF545006A2EE9 /* Extensions */,
				DFA2C74027CFF2DD006A2EE9 /* Supporting Files */,
				DFA2C73F27CFF2AF006A2EE9 /* App */,
				DFA2C73E27CFF2A4006A2EE9 /* Scene */,
				DFA2C73D27CFF29A006A2EE9 /* Common */,
				DFA2C73727CFF293006A2EE9 /* Info.plist */,
			);
			path = Radity;
			sourceTree = "<group>";
		};
		DFA2C73D27CFF29A006A2EE9 /* Common */ = {
			isa = PBXGroup;
			children = (
				DFA2C74827CFF3D3006A2EE9 /* CustomTextField.swift */,
				DFA2C74B27CFF5A9006A2EE9 /* BaseView.swift */,
			);
			path = Common;
			sourceTree = "<group>";
		};
		DFA2C73E27CFF2A4006A2EE9 /* Scene */ = {
			isa = PBXGroup;
			children = (
				DFA2C74527CFF31F006A2EE9 /* Register */,
				DFA2C74127CFF2F3006A2EE9 /* Login */,
			);
			path = Scene;
			sourceTree = "<group>";
		};
		DFA2C73F27CFF2AF006A2EE9 /* App */ = {
			isa = PBXGroup;
			children = (
				DFA2C72927CFF291006A2EE9 /* AppDelegate.swift */,
				DFA2C72B27CFF291006A2EE9 /* SceneDelegate.swift */,
			);
			path = App;
			sourceTree = "<group>";
		};
		DFA2C74027CFF2DD006A2EE9 /* Supporting Files */ = {
			isa = PBXGroup;
			children = (
				DFA2C73427CFF293006A2EE9 /* LaunchScreen.storyboard */,
				DFA2C73227CFF293006A2EE9 /* Assets.xcassets */,
			);
			path = "Supporting Files";
			sourceTree = "<group>";
		};
		DFA2C74127CFF2F3006A2EE9 /* Login */ = {
			isa = PBXGroup;
			children = (
				DFA2C74427CFF317006A2EE9 /* Model */,
				DFA2C74327CFF312006A2EE9 /* View */,
				DFA2C74227CFF2FA006A2EE9 /* View Model */,
			);
			path = Login;
			sourceTree = "<group>";
		};
		DFA2C74227CFF2FA006A2EE9 /* View Model */ = {
			isa = PBXGroup;
			children = (
			);
			path = "View Model";
			sourceTree = "<group>";
		};
		DFA2C74327CFF312006A2EE9 /* View */ = {
			isa = PBXGroup;
			children = (
				DFA2C74627CFF37F006A2EE9 /* LoginViewController.swift */,
			);
			path = View;
			sourceTree = "<group>";
		};
		DFA2C74427CFF317006A2EE9 /* Model */ = {
			isa = PBXGroup;
			children = (
			);
			path = Model;
			sourceTree = "<group>";
		};
		DFA2C74527CFF31F006A2EE9 /* Register */ = {
			isa = PBXGroup;
			children = (
			);
			path = Register;
			sourceTree = "<group>";
		};
		DFA2C74A27CFF545006A2EE9 /* Extensions */ = {
			isa = PBXGroup;
			children = (
				DFA2C74D27D0CA82006A2EE9 /* NSLayoutExtension.swift */,
			);
			path = Extensions;
			sourceTree = "<group>";
		};
/* End PBXGroup section */

/* Begin PBXNativeTarget section */
		DFA2C72527CFF291006A2EE9 /* Radity */ = {
			isa = PBXNativeTarget;
			buildConfigurationList = DFA2C73A27CFF293006A2EE9 /* Build configuration list for PBXNativeTarget "Radity" */;
			buildPhases = (
				DFA2C72227CFF291006A2EE9 /* Sources */,
				DFA2C72327CFF291006A2EE9 /* Frameworks */,
				DFA2C72427CFF291006A2EE9 /* Resources */,
			);
			buildRules = (
			);
			dependencies = (
			);
			name = Radity;
			productName = Radity;
			productReference = DFA2C72627CFF291006A2EE9 /* Radity.app */;
			productType = "com.apple.product-type.application";
		};
/* End PBXNativeTarget section */

/* Begin PBXProject section */
		DFA2C71E27CFF291006A2EE9 /* Project object */ = {
			isa = PBXProject;
			attributes = {
				BuildIndependentTargetsInParallel = 1;
				LastSwiftUpdateCheck = 1300;
				LastUpgradeCheck = 1300;
				TargetAttributes = {
					DFA2C72527CFF291006A2EE9 = {
						CreatedOnToolsVersion = 13.0;
					};
				};
			};
			buildConfigurationList = DFA2C72127CFF291006A2EE9 /* Build configuration list for PBXProject "Radity" */;
			compatibilityVersion = "Xcode 13.0";
			developmentRegion = en;
			hasScannedForEncodings = 0;
			knownRegions = (
				en,
				Base,
			);
			mainGroup = DFA2C71D27CFF291006A2EE9;
			productRefGroup = DFA2C72727CFF291006A2EE9 /* Products */;
			projectDirPath = "";
			projectRoot = "";
			targets = (
				DFA2C72527CFF291006A2EE9 /* Radity */,
			);
		};
/* End PBXProject section */

/* Begin PBXResourcesBuildPhase section */
		DFA2C72427CFF291006A2EE9 /* Resources */ = {
			isa = PBXResourcesBuildPhase;
			buildActionMask = 2147483647;
			files = (
				DFA2C73627CFF293006A2EE9 /* LaunchScreen.storyboard in Resources */,
				DFA2C73327CFF293006A2EE9 /* Assets.xcassets in Resources */,
			);
			runOnlyForDeploymentPostprocessing = 0;
		};
/* End PBXResourcesBuildPhase section */

/* Begin PBXSourcesBuildPhase section */
		DFA2C72227CFF291006A2EE9 /* Sources */ = {
			isa = PBXSourcesBuildPhase;
			buildActionMask = 2147483647;
			files = (
				DFA2C74927CFF3D3006A2EE9 /* CustomTextField.swift in Sources */,
				DFA2C74E27D0CA82006A2EE9 /* NSLayoutExtension.swift in Sources */,
				DFA2C74727CFF37F006A2EE9 /* LoginViewController.swift in Sources */,
				DFA2C74C27CFF5A9006A2EE9 /* BaseView.swift in Sources */,
				DFA2C72A27CFF291006A2EE9 /* AppDelegate.swift in Sources */,
				DFA2C72C27CFF291006A2EE9 /* SceneDelegate.swift in Sources */,
			);
			runOnlyForDeploymentPostprocessing = 0;
		};
/* End PBXSourcesBuildPhase section */

/* Begin PBXVariantGroup section */
		DFA2C73427CFF293006A2EE9 /* LaunchScreen.storyboard */ = {
			isa = PBXVariantGroup;
			children = (
				DFA2C73527CFF293006A2EE9 /* Base */,
			);
			name = LaunchScreen.storyboard;
			sourceTree = "<group>";
		};
/* End PBXVariantGroup section */

/* Begin XCBuildConfiguration section */
		DFA2C73827CFF293006A2EE9 /* Debug */ = {
			isa = XCBuildConfiguration;
			buildSettings = {
				ALWAYS_SEARCH_USER_PATHS = NO;
				CLANG_ANALYZER_NONNULL = YES;
				CLANG_ANALYZER_NUMBER_OBJECT_CONVERSION = YES_AGGRESSIVE;
				CLANG_CXX_LANGUAGE_STANDARD = "gnu++17";
				CLANG_CXX_LIBRARY = "libc++";
				CLANG_ENABLE_MODULES = YES;
				CLANG_ENABLE_OBJC_ARC = YES;
				CLANG_ENABLE_OBJC_WEAK = YES;
				CLANG_WARN_BLOCK_CAPTURE_AUTORELEASING = YES;
				CLANG_WARN_BOOL_CONVERSION = YES;
				CLANG_WARN_COMMA = YES;
				CLANG_WARN_CONSTANT_CONVERSION = YES;
				CLANG_WARN_DEPRECATED_OBJC_IMPLEMENTATIONS = YES;
				CLANG_WARN_DIRECT_OBJC_ISA_USAGE = YES_ERROR;
				CLANG_WARN_DOCUMENTATION_COMMENTS = YES;
				CLANG_WARN_EMPTY_BODY = YES;
				CLANG_WARN_ENUM_CONVERSION = YES;
				CLANG_WARN_INFINITE_RECURSION = YES;
				CLANG_WARN_INT_CONVERSION = YES;
				CLANG_WARN_NON_LITERAL_NULL_CONVERSION = YES;
				CLANG_WARN_OBJC_IMPLICIT_RETAIN_SELF = YES;
				CLANG_WARN_OBJC_LITERAL_CONVERSION = YES;
				CLANG_WARN_OBJC_ROOT_CLASS = YES_ERROR;
				CLANG_WARN_QUOTED_INCLUDE_IN_FRAMEWORK_HEADER = YES;
				CLANG_WARN_RANGE_LOOP_ANALYSIS = YES;
				CLANG_WARN_STRICT_PROTOTYPES = YES;
				CLANG_WARN_SUSPICIOUS_MOVE = YES;
				CLANG_WARN_UNGUARDED_AVAILABILITY = YES_AGGRESSIVE;
				CLANG_WARN_UNREACHABLE_CODE = YES;
				CLANG_WARN__DUPLICATE_METHOD_MATCH = YES;
				COPY_PHASE_STRIP = NO;
				DEBUG_INFORMATION_FORMAT = dwarf;
				ENABLE_STRICT_OBJC_MSGSEND = YES;
				ENABLE_TESTABILITY = YES;
				GCC_C_LANGUAGE_STANDARD = gnu11;
				GCC_DYNAMIC_NO_PIC = NO;
				GCC_NO_COMMON_BLOCKS = YES;
				GCC_OPTIMIZATION_LEVEL = 0;
				GCC_PREPROCESSOR_DEFINITIONS = (
					"DEBUG=1",
					"$(inherited)",
				);
				GCC_WARN_64_TO_32_BIT_CONVERSION = YES;
				GCC_WARN_ABOUT_RETURN_TYPE = YES_ERROR;
				GCC_WARN_UNDECLARED_SELECTOR = YES;
				GCC_WARN_UNINITIALIZED_AUTOS = YES_AGGRESSIVE;
				GCC_WARN_UNUSED_FUNCTION = YES;
				GCC_WARN_UNUSED_VARIABLE = YES;
				IPHONEOS_DEPLOYMENT_TARGET = 15.0;
				MTL_ENABLE_DEBUG_INFO = INCLUDE_SOURCE;
				MTL_FAST_MATH = YES;
				ONLY_ACTIVE_ARCH = YES;
				SDKROOT = iphoneos;
				SWIFT_ACTIVE_COMPILATION_CONDITIONS = DEBUG;
				SWIFT_OPTIMIZATION_LEVEL = "-Onone";
			};
			name = Debug;
		};
		DFA2C73927CFF293006A2EE9 /* Release */ = {
			isa = XCBuildConfiguration;
			buildSettings = {
				ALWAYS_SEARCH_USER_PATHS = NO;
				CLANG_ANALYZER_NONNULL = YES;
				CLANG_ANALYZER_NUMBER_OBJECT_CONVERSION = YES_AGGRESSIVE;
				CLANG_CXX_LANGUAGE_STANDARD = "gnu++17";
				CLANG_CXX_LIBRARY = "libc++";
				CLANG_ENABLE_MODULES = YES;
				CLANG_ENABLE_OBJC_ARC = YES;
				CLANG_ENABLE_OBJC_WEAK = YES;
				CLANG_WARN_BLOCK_CAPTURE_AUTORELEASING = YES;
				CLANG_WARN_BOOL_CONVERSION = YES;
				CLANG_WARN_COMMA = YES;
				CLANG_WARN_CONSTANT_CONVERSION = YES;
				CLANG_WARN_DEPRECATED_OBJC_IMPLEMENTATIONS = YES;
				CLANG_WARN_DIRECT_OBJC_ISA_USAGE = YES_ERROR;
				CLANG_WARN_DOCUMENTATION_COMMENTS = YES;
				CLANG_WARN_EMPTY_BODY = YES;
				CLANG_WARN_ENUM_CONVERSION = YES;
				CLANG_WARN_INFINITE_RECURSION = YES;
				CLANG_WARN_INT_CONVERSION = YES;
				CLANG_WARN_NON_LITERAL_NULL_CONVERSION = YES;
				CLANG_WARN_OBJC_IMPLICIT_RETAIN_SELF = YES;
				CLANG_WARN_OBJC_LITERAL_CONVERSION = YES;
				CLANG_WARN_OBJC_ROOT_CLASS = YES_ERROR;
				CLANG_WARN_QUOTED_INCLUDE_IN_FRAMEWORK_HEADER = YES;
				CLANG_WARN_RANGE_LOOP_ANALYSIS = YES;
				CLANG_WARN_STRICT_PROTOTYPES = YES;
				CLANG_WARN_SUSPICIOUS_MOVE = YES;
				CLANG_WARN_UNGUARDED_AVAILABILITY = YES_AGGRESSIVE;
				CLANG_WARN_UNREACHABLE_CODE = YES;
				CLANG_WARN__DUPLICATE_METHOD_MATCH = YES;
				COPY_PHASE_STRIP = NO;
				DEBUG_INFORMATION_FORMAT = "dwarf-with-dsym";
				ENABLE_NS_ASSERTIONS = NO;
				ENABLE_STRICT_OBJC_MSGSEND = YES;
				GCC_C_LANGUAGE_STANDARD = gnu11;
				GCC_NO_COMMON_BLOCKS = YES;
				GCC_WARN_64_TO_32_BIT_CONVERSION = YES;
				GCC_WARN_ABOUT_RETURN_TYPE = YES_ERROR;
				GCC_WARN_UNDECLARED_SELECTOR = YES;
				GCC_WARN_UNINITIALIZED_AUTOS = YES_AGGRESSIVE;
				GCC_WARN_UNUSED_FUNCTION = YES;
				GCC_WARN_UNUSED_VARIABLE = YES;
				IPHONEOS_DEPLOYMENT_TARGET = 15.0;
				MTL_ENABLE_DEBUG_INFO = NO;
				MTL_FAST_MATH = YES;
				SDKROOT = iphoneos;
				SWIFT_COMPILATION_MODE = wholemodule;
				SWIFT_OPTIMIZATION_LEVEL = "-O";
				VALIDATE_PRODUCT = YES;
			};
			name = Release;
		};
		DFA2C73B27CFF293006A2EE9 /* Debug */ = {
			isa = XCBuildConfiguration;
			buildSettings = {
				ASSETCATALOG_COMPILER_APPICON_NAME = AppIcon;
				ASSETCATALOG_COMPILER_GLOBAL_ACCENT_COLOR_NAME = AccentColor;
				CODE_SIGN_STYLE = Automatic;
				CURRENT_PROJECT_VERSION = 1;
				DEVELOPMENT_TEAM = 78B7Q2F7YX;
				GENERATE_INFOPLIST_FILE = YES;
				INFOPLIST_FILE = Radity/Info.plist;
				INFOPLIST_KEY_UIApplicationSupportsIndirectInputEvents = YES;
				INFOPLIST_KEY_UILaunchStoryboardName = LaunchScreen;
				INFOPLIST_KEY_UISupportedInterfaceOrientations_iPad = "UIInterfaceOrientationPortrait UIInterfaceOrientationPortraitUpsideDown UIInterfaceOrientationLandscapeLeft UIInterfaceOrientationLandscapeRight";
				INFOPLIST_KEY_UISupportedInterfaceOrientations_iPhone = "UIInterfaceOrientationPortrait UIInterfaceOrientationLandscapeLeft UIInterfaceOrientationLandscapeRight";
				LD_RUNPATH_SEARCH_PATHS = (
					"$(inherited)",
					"@executable_path/Frameworks",
				);
				MARKETING_VERSION = 1.0;
				PRODUCT_BUNDLE_IDENTIFIER = table.Radity;
				PRODUCT_NAME = "$(TARGET_NAME)";
				SWIFT_EMIT_LOC_STRINGS = YES;
				SWIFT_VERSION = 5.0;
				TARGETED_DEVICE_FAMILY = "1,2";
			};
			name = Debug;
		};
		DFA2C73C27CFF293006A2EE9 /* Release */ = {
			isa = XCBuildConfiguration;
			buildSettings = {
				ASSETCATALOG_COMPILER_APPICON_NAME = AppIcon;
				ASSETCATALOG_COMPILER_GLOBAL_ACCENT_COLOR_NAME = AccentColor;
				CODE_SIGN_STYLE = Automatic;
				CURRENT_PROJECT_VERSION = 1;
				DEVELOPMENT_TEAM = 78B7Q2F7YX;
				GENERATE_INFOPLIST_FILE = YES;
				INFOPLIST_FILE = Radity/Info.plist;
				INFOPLIST_KEY_UIApplicationSupportsIndirectInputEvents = YES;
				INFOPLIST_KEY_UILaunchStoryboardName = LaunchScreen;
				INFOPLIST_KEY_UISupportedInterfaceOrientations_iPad = "UIInterfaceOrientationPortrait UIInterfaceOrientationPortraitUpsideDown UIInterfaceOrientationLandscapeLeft UIInterfaceOrientationLandscapeRight";
				INFOPLIST_KEY_UISupportedInterfaceOrientations_iPhone = "UIInterfaceOrientationPortrait UIInterfaceOrientationLandscapeLeft UIInterfaceOrientationLandscapeRight";
				LD_RUNPATH_SEARCH_PATHS = (
					"$(inherited)",
					"@executable_path/Frameworks",
				);
				MARKETING_VERSION = 1.0;
				PRODUCT_BUNDLE_IDENTIFIER = table.Radity;
				PRODUCT_NAME = "$(TARGET_NAME)";
				SWIFT_EMIT_LOC_STRINGS = YES;
				SWIFT_VERSION = 5.0;
				TARGETED_DEVICE_FAMILY = "1,2";
			};
			name = Release;
		};
/* End XCBuildConfiguration section */

/* Begin XCConfigurationList section */
		DFA2C72127CFF291006A2EE9 /* Build configuration list for PBXProject "Radity" */ = {
			isa = XCConfigurationList;
			buildConfigurations = (
				DFA2C73827CFF293006A2EE9 /* Debug */,
				DFA2C73927CFF293006A2EE9 /* Release */,
			);
			defaultConfigurationIsVisible = 0;
			defaultConfigurationName = Release;
		};
		DFA2C73A27CFF293006A2EE9 /* Build configuration list for PBXNativeTarget "Radity" */ = {
			isa = XCConfigurationList;
			buildConfigurations = (
				DFA2C73B27CFF293006A2EE9 /* Debug */,
				DFA2C73C27CFF293006A2EE9 /* Release */,
			);
			defaultConfigurationIsVisible = 0;
			defaultConfigurationName = Release;
		};
/* End XCConfigurationList section */
	};
	rootObject = DFA2C71E27CFF291006A2EE9 /* Project object */;
}
